
Microsoft Visual Studio Solution File, Format Version 12.00
# Visual Studio 15
VisualStudioVersion = 15.0.27703.2000
MinimumVisualStudioVersion = 10.0.40219.1
Project("{FAE04EC0-301F-11D3-BF4B-00C04F79EFBC}") = "FDDWeb", "FDDWeb\FDDWeb.csproj", "{2929A1DA-26E1-46F9-AE9B-66C5EEF53F82}"
EndProject
Global
	GlobalSection(SolutionConfigurationPlatforms) = preSolution
		Debug|Any CPU = Debug|Any CPU
		Release|Any CPU = Release|Any CPU
	EndGlobalSection
	GlobalSection(ProjectConfigurationPlatforms) = postSolution
		{2929A1DA-26E1-46F9-AE9B-66C5EEF53F82}.Debug|Any CPU.ActiveCfg = Debug|Any CPU
		{2929A1DA-26E1-46F9-AE9B-66C5EEF53F82}.Debug|Any CPU.Build.0 = Debug|Any CPU
		{2929A1DA-26E1-46F9-AE9B-66C5EEF53F82}.Release|Any CPU.ActiveCfg = Release|Any CPU
		{2929A1DA-26E1-46F9-AE9B-66C5EEF53F82}.Release|Any CPU.Build.0 = Release|Any CPU
	EndGlobalSection
	GlobalSection(SolutionProperties) = preSolution
		HideSolutionNode = FALSE
	EndGlobalSection
	GlobalSection(ExtensibilityGlobals) = postSolution
		SolutionGuid = {61EF8624-5725-4615-83CE-6E994A1932BC}
	EndGlobalSection
EndGlobal
